
Microsoft Visual Studio Solution File, Format Version 12.00
# Visual Studio 14
VisualStudioVersion = 14.0.22512.0
MinimumVisualStudioVersion = 10.0.40219.1
Project("{FAE04EC0-301F-11D3-BF4B-00C04F79EFBC}") = "CRMNamingAnalyzer", "CRMNamingAnalyzer\CRMNamingAnalyzer\CRMNamingAnalyzer.csproj", "{B9119B08-9282-47D7-9FE2-CA7579A1DD3E}"
EndProject
Project("{2150E333-8FDC-42A3-9474-1A3956D46DE8}") = ".nuget", ".nuget", "{88AE7A5A-9CFA-4F2A-84E5-334EF17DD227}"
	ProjectSection(SolutionItems) = preProject
		.nuget\packages.config = .nuget\packages.config
	EndProjectSection
EndProject
Project("{FAE04EC0-301F-11D3-BF4B-00C04F79EFBC}") = "CRMNamingAnalyzer.Test", "CRMNamingAnalyzer\CRMNamingAnalyzer.Test\CRMNamingAnalyzer.Test.csproj", "{D0348EEA-FF83-4288-B2D5-D619B6CC0516}"
EndProject
Project("{FAE04EC0-301F-11D3-BF4B-00C04F79EFBC}") = "CRMNamingAnalyzer.Vsix", "CRMNamingAnalyzer\CRMNamingAnalyzer.Vsix\CRMNamingAnalyzer.Vsix.csproj", "{71CDDD25-051E-40C0-AA4D-4120090C1E5F}"
EndProject
Global
	GlobalSection(SolutionConfigurationPlatforms) = preSolution
		Debug|Any CPU = Debug|Any CPU
		Release|Any CPU = Release|Any CPU
	EndGlobalSection
	GlobalSection(ProjectConfigurationPlatforms) = postSolution
		{B9119B08-9282-47D7-9FE2-CA7579A1DD3E}.Debug|Any CPU.ActiveCfg = Debug|Any CPU
		{B9119B08-9282-47D7-9FE2-CA7579A1DD3E}.Debug|Any CPU.Build.0 = Debug|Any CPU
		{B9119B08-9282-47D7-9FE2-CA7579A1DD3E}.Release|Any CPU.ActiveCfg = Release|Any CPU
		{B9119B08-9282-47D7-9FE2-CA7579A1DD3E}.Release|Any CPU.Build.0 = Release|Any CPU
		{D0348EEA-FF83-4288-B2D5-D619B6CC0516}.Debug|Any CPU.ActiveCfg = Debug|Any CPU
		{D0348EEA-FF83-4288-B2D5-D619B6CC0516}.Debug|Any CPU.Build.0 = Debug|Any CPU
		{D0348EEA-FF83-4288-B2D5-D619B6CC0516}.Release|Any CPU.ActiveCfg = Release|Any CPU
		{D0348EEA-FF83-4288-B2D5-D619B6CC0516}.Release|Any CPU.Build.0 = Release|Any CPU
		{71CDDD25-051E-40C0-AA4D-4120090C1E5F}.Debug|Any CPU.ActiveCfg = Debug|Any CPU
		{71CDDD25-051E-40C0-AA4D-4120090C1E5F}.Debug|Any CPU.Build.0 = Debug|Any CPU
		{71CDDD25-051E-40C0-AA4D-4120090C1E5F}.Release|Any CPU.ActiveCfg = Release|Any CPU
		{71CDDD25-051E-40C0-AA4D-4120090C1E5F}.Release|Any CPU.Build.0 = Release|Any CPU
	EndGlobalSection
	GlobalSection(SolutionProperties) = preSolution
		HideSolutionNode = FALSE
	EndGlobalSection
EndGlobal
